
Microsoft Visual Studio Solution File, Format Version 12.00
Project("{FAE04EC0-301F-11D3-BF4B-00C04F79EFBC}") = "AIT_App", "AIT_App\AIT_App.csproj", "{A7FCB4BE-FBA4-4F15-9352-C3DB730CC253}"
EndProject
Global
	GlobalSection(SolutionConfigurationPlatforms) = preSolution
		Debug|Any CPU = Debug|Any CPU
		Release|Any CPU = Release|Any CPU
	EndGlobalSection
	GlobalSection(ProjectConfigurationPlatforms) = postSolution
		{A7FCB4BE-FBA4-4F15-9352-C3DB730CC253}.Debug|Any CPU.ActiveCfg = Debug|Any CPU
		{A7FCB4BE-FBA4-4F15-9352-C3DB730CC253}.Debug|Any CPU.Build.0 = Debug|Any CPU
		{A7FCB4BE-FBA4-4F15-9352-C3DB730CC253}.Release|Any CPU.ActiveCfg = Release|Any CPU
		{A7FCB4BE-FBA4-4F15-9352-C3DB730CC253}.Release|Any CPU.Build.0 = Release|Any CPU
	EndGlobalSection
EndGlobal
